# THIS IS AN AUTOGENERATED FILE. DO NOT EDIT THIS FILE DIRECTLY.
# yarn lockfile v1


"@types/google.maps@*":
  version "3.54.2"
  resolved "https://registry.yarnpkg.com/@types/google.maps/-/google.maps-3.54.2.tgz#4fb2447294d35d0d0919a820b0cc08b83645d7db"
  integrity sha512-H75MGIauIsmBNeSSk3MNUxU0dcdipMnoUwXLtmtqvKTNfEJYZGKeJG22kt4VCRpZ0nQEPNqXS3mnDshzIbRdZw==

"@types/prop-types@*":
  version "15.7.5"
  resolved "https://registry.npmjs.org/@types/prop-types/-/prop-types-15.7.5.tgz"
  integrity sha512-JCB8C6SnDoQf0cNycqd/35A7MjcnK+ZTqE7judS6o7utxUCg6imJg3QK2qzHKszlTjcj2cn+NwMB2i96ubpj7w==

"@types/react-places-autocomplete@^7.2.10":
  version "7.2.10"
  resolved "https://registry.yarnpkg.com/@types/react-places-autocomplete/-/react-places-autocomplete-7.2.10.tgz#2e4e9bb5c32e1bd282391f4b6b70780b876cda25"
  integrity sha512-TBB7FwXAzqMIlHUEq5cyz1bKTKfFDObz+5p5j87EpcoYVbaFMczDW4XI7/osR1XxHTN79Gz+1H+qcx7vq8Lugg==
  dependencies:
    "@types/google.maps" "*"
    "@types/react" "*"

"@types/react@*":
  version "18.2.21"
  resolved "https://registry.npmjs.org/@types/react/-/react-18.2.21.tgz"
  integrity sha512-neFKG/sBAwGxHgXiIxnbm3/AAVQ/cMRS93hvBpg8xYRbeQSPVABp9U2bRnPf0iI4+Ucdv3plSxKK+3CW2ENJxA==
  dependencies:
    "@types/prop-types" "*"
    "@types/scheduler" "*"
    csstype "^3.0.2"

"@types/scheduler@*":
  version "0.16.3"
  resolved "https://registry.npmjs.org/@types/scheduler/-/scheduler-0.16.3.tgz"
  integrity sha512-5cJ8CB4yAx7BH1oMvdU0Jh9lrEXyPkar6F9G/ERswkCuvP4KQZfZkSjcMbAICCpQTN4OuZn8tz0HiKv9TGZgrQ==

csstype@^3.0.2:
  version "3.1.2"
  resolved "https://registry.npmjs.org/csstype/-/csstype-3.1.2.tgz"
  integrity sha512-I7K1Uu0MBPzaFKg4nI5Q7Vs2t+3gWWW648spaF+Rg7pI9ds18Ugn+lvg4SHczUdKlHI5LWBXyqfS8+DufyBsgQ==
